// !$*UTF8*$!
{
	archiveVersion = 1;
	classes = {
	};
	objectVersion = 46;
	objects = {

/* Begin PBXBuildFile section */
		6A9F404C31BF7CC1E3680E3D /* libPods-LTQFM.a in Frameworks */ = {isa = PBXBuildFile; fileRef = 42E3E3886213C0E7790DB4DC /* libPods-LTQFM.a */; };
		7341C8C61E4094B80023A1A6 /* main.m in Sources */ = {isa = PBXBuildFile; fileRef = 7341C8C51E4094B80023A1A6 /* main.m */; };
		7341C8C91E4094B80023A1A6 /* AppDelegate.m in Sources */ = {isa = PBXBuildFile; fileRef = 7341C8C81E4094B80023A1A6 /* AppDelegate.m */; };
		7341C8CC1E4094B80023A1A6 /* ViewController.m in Sources */ = {isa = PBXBuildFile; fileRef = 7341C8CB1E4094B80023A1A6 /* ViewController.m */; };
		7341C8CF1E4094B80023A1A6 /* Main.storyboard in Resources */ = {isa = PBXBuildFile; fileRef = 7341C8CD1E4094B80023A1A6 /* Main.storyboard */; };
		7341C8D11E4094B80023A1A6 /* Assets.xcassets in Resources */ = {isa = PBXBuildFile; fileRef = 7341C8D01E4094B80023A1A6 /* Assets.xcassets */; };
		7341C8D41E4094B80023A1A6 /* LaunchScreen.storyboard in Resources */ = {isa = PBXBuildFile; fileRef = 7341C8D21E4094B80023A1A6 /* LaunchScreen.storyboard */; };
		7341C8DF1E4094B80023A1A6 /* LTQFMTests.m in Sources */ = {isa = PBXBuildFile; fileRef = 7341C8DE1E4094B80023A1A6 /* LTQFMTests.m */; };
		7341C8EA1E4094B80023A1A6 /* LTQFMUITests.m in Sources */ = {isa = PBXBuildFile; fileRef = 7341C8E91E4094B80023A1A6 /* LTQFMUITests.m */; };
/* End PBXBuildFile section */

/* Begin PBXContainerItemProxy section */
		7341C8DB1E4094B80023A1A6 /* PBXContainerItemProxy */ = {
			isa = PBXContainerItemProxy;
			containerPortal = 7341C8B91E4094B80023A1A6 /* Project object */;
			proxyType = 1;
			remoteGlobalIDString = 7341C8C01E4094B80023A1A6;
			remoteInfo = LTQFM;
		};
		7341C8E61E4094B80023A1A6 /* PBXContainerItemProxy */ = {
			isa = PBXContainerItemProxy;
			containerPortal = 7341C8B91E4094B80023A1A6 /* Project object */;
			proxyType = 1;
			remoteGlobalIDString = 7341C8C01E4094B80023A1A6;
			remoteInfo = LTQFM;
		};
/* End PBXContainerItemProxy section */

/* Begin PBXFileReference section */
		1BF32C5F512CBBA4F5378E60 /* Pods-LTQFM.debug.xcconfig */ = {isa = PBXFileReference; includeInIndex = 1; lastKnownFileType = text.xcconfig; name = "Pods-LTQFM.debug.xcconfig"; path = "Pods/Target Support Files/Pods-LTQFM/Pods-LTQFM.debug.xcconfig"; sourceTree = "<group>"; };
		42E3E3886213C0E7790DB4DC /* libPods-LTQFM.a */ = {isa = PBXFileReference; explicitFileType = archive.ar; includeInIndex = 0; path = "libPods-LTQFM.a"; sourceTree = BUILT_PRODUCTS_DIR; };
		7341C8C11E4094B80023A1A6 /* LTQFM.app */ = {isa = PBXFileReference; explicitFileType = wrapper.application; includeInIndex = 0; path = LTQFM.app; sourceTree = BUILT_PRODUCTS_DIR; };
		7341C8C51E4094B80023A1A6 /* main.m */ = {isa = PBXFileReference; lastKnownFileType = sourcecode.c.objc; path = main.m; sourceTree = "<group>"; };
		7341C8C71E4094B80023A1A6 /* AppDelegate.h */ = {isa = PBXFileReference; lastKnownFileType = sourcecode.c.h; path = AppDelegate.h; sourceTree = "<group>"; };
		7341C8C81E4094B80023A1A6 /* AppDelegate.m */ = {isa = PBXFileReference; lastKnownFileType = sourcecode.c.objc; path = AppDelegate.m; sourceTree = "<group>"; };
		7341C8CA1E4094B80023A1A6 /* ViewController.h */ = {isa = PBXFileReference; lastKnownFileType = sourcecode.c.h; path = ViewController.h; sourceTree = "<group>"; };
		7341C8CB1E4094B80023A1A6 /* ViewController.m */ = {isa = PBXFileReference; lastKnownFileType = sourcecode.c.objc; path = ViewController.m; sourceTree = "<group>"; };
		7341C8CE1E4094B80023A1A6 /* Base */ = {isa = PBXFileReference; lastKnownFileType = file.storyboard; name = Base; path = Base.lproj/Main.storyboard; sourceTree = "<group>"; };
		7341C8D01E4094B80023A1A6 /* Assets.xcassets */ = {isa = PBXFileReference; lastKnownFileType = folder.assetcatalog; path = Assets.xcassets; sourceTree = "<group>"; };
		7341C8D31E4094B80023A1A6 /* Base */ = {isa = PBXFileReference; lastKnownFileType = file.storyboard; name = Base; path = Base.lproj/LaunchScreen.storyboard; sourceTree = "<group>"; };
		7341C8D51E4094B80023A1A6 /* Info.plist */ = {isa = PBXFileReference; lastKnownFileType = text.plist.xml; path = Info.plist; sourceTree = "<group>"; };
		7341C8DA1E4094B80023A1A6 /* LTQFMTests.xctest */ = {isa = PBXFileReference; explicitFileType = wrapper.cfbundle; includeInIndex = 0; path = LTQFMTests.xctest; sourceTree = BUILT_PRODUCTS_DIR; };
		7341C8DE1E4094B80023A1A6 /* LTQFMTests.m */ = {isa = PBXFileReference; lastKnownFileType = sourcecode.c.objc; path = LTQFMTests.m; sourceTree = "<group>"; };
		7341C8E01E4094B80023A1A6 /* Info.plist */ = {isa = PBXFileReference; lastKnownFileType = text.plist.xml; path = Info.plist; sourceTree = "<group>"; };
		7341C8E51E4094B80023A1A6 /* LTQFMUITests.xctest */ = {isa = PBXFileReference; explicitFileType = wrapper.cfbundle; includeInIndex = 0; path = LTQFMUITests.xctest; sourceTree = BUILT_PRODUCTS_DIR; };
		7341C8E91E4094B80023A1A6 /* LTQFMUITests.m */ = {isa = PBXFileReference; lastKnownFileType = sourcecode.c.objc; path = LTQFMUITests.m; sourceTree = "<group>"; };
		7341C8EB1E4094B80023A1A6 /* Info.plist */ = {isa = PBXFileReference; lastKnownFileType = text.plist.xml; path = Info.plist; sourceTree = "<group>"; };
		7B0222294DC4AA4A3E7F3FE9 /* Pods-LTQFM.release.xcconfig */ = {isa = PBXFileReference; includeInIndex = 1; lastKnownFileType = text.xcconfig; name = "Pods-LTQFM.release.xcconfig"; path = "Pods/Target Support Files/Pods-LTQFM/Pods-LTQFM.release.xcconfig"; sourceTree = "<group>"; };
/* End PBXFileReference section */

/* Begin PBXFrameworksBuildPhase section */
		7341C8BE1E4094B80023A1A6 /* Frameworks */ = {
			isa = PBXFrameworksBuildPhase;
			buildActionMask = 2147483647;
			files = (
				6A9F404C31BF7CC1E3680E3D /* libPods-LTQFM.a in Frameworks */,
			);
			runOnlyForDeploymentPostprocessing = 0;
		};
		7341C8D71E4094B80023A1A6 /* Frameworks */ = {
			isa = PBXFrameworksBuildPhase;
			buildActionMask = 2147483647;
			files = (
			);
			runOnlyForDeploymentPostprocessing = 0;
		};
		7341C8E21E4094B80023A1A6 /* Frameworks */ = {
			isa = PBXFrameworksBuildPhase;
			buildActionMask = 2147483647;
			files = (
			);
			runOnlyForDeploymentPostprocessing = 0;
		};
/* End PBXFrameworksBuildPhase section */

/* Begin PBXGroup section */
		7341C8B81E4094B80023A1A6 = {
			isa = PBXGroup;
			children = (
				7341C8C31E4094B80023A1A6 /* LTQFM */,
				7341C8DD1E4094B80023A1A6 /* LTQFMTests */,
				7341C8E81E4094B80023A1A6 /* LTQFMUITests */,
				7341C8C21E4094B80023A1A6 /* Products */,
				ACEF06AA2A0168557172AE20 /* Pods */,
				B8508E15B1F520AB180DA150 /* Frameworks */,
			);
			sourceTree = "<group>";
		};
		7341C8C21E4094B80023A1A6 /* Products */ = {
			isa = PBXGroup;
			children = (
				7341C8C11E4094B80023A1A6 /* LTQFM.app */,
				7341C8DA1E4094B80023A1A6 /* LTQFMTests.xctest */,
				7341C8E51E4094B80023A1A6 /* LTQFMUITests.xctest */,
			);
			name = Products;
			sourceTree = "<group>";
		};
		7341C8C31E4094B80023A1A6 /* LTQFM */ = {
			isa = PBXGroup;
			children = (
				7341C8C71E4094B80023A1A6 /* AppDelegate.h */,
				7341C8C81E4094B80023A1A6 /* AppDelegate.m */,
				7341C8CA1E4094B80023A1A6 /* ViewController.h */,
				7341C8CB1E4094B80023A1A6 /* ViewController.m */,
				7341C8CD1E4094B80023A1A6 /* Main.storyboard */,
				7341C8D01E4094B80023A1A6 /* Assets.xcassets */,
				7341C8D21E4094B80023A1A6 /* LaunchScreen.storyboard */,
				7341C8D51E4094B80023A1A6 /* Info.plist */,
				7341C8C41E4094B80023A1A6 /* Supporting Files */,
			);
			path = LTQFM;
			sourceTree = "<group>";
		};
		7341C8C41E4094B80023A1A6 /* Supporting Files */ = {
			isa = PBXGroup;
			children = (
				7341C8C51E4094B80023A1A6 /* main.m */,
			);
			name = "Supporting Files";
			sourceTree = "<group>";
		};
		7341C8DD1E4094B80023A1A6 /* LTQFMTests */ = {
			isa = PBXGroup;
			children = (
				7341C8DE1E4094B80023A1A6 /* LTQFMTests.m */,
				7341C8E01E4094B80023A1A6 /* Info.plist */,
			);
			path = LTQFMTests;
			sourceTree = "<group>";
		};
		7341C8E81E4094B80023A1A6 /* LTQFMUITests */ = {
			isa = PBXGroup;
			children = (
				7341C8E91E4094B80023A1A6 /* LTQFMUITests.m */,
				7341C8EB1E4094B80023A1A6 /* Info.plist */,
			);
			path = LTQFMUITests;
			sourceTree = "<group>";
		};
		ACEF06AA2A0168557172AE20 /* Pods */ = {
			isa = PBXGroup;
			children = (
				1BF32C5F512CBBA4F5378E60 /* Pods-LTQFM.debug.xcconfig */,
				7B0222294DC4AA4A3E7F3FE9 /* Pods-LTQFM.release.xcconfig */,
			);
			name = Pods;
			sourceTree = "<group>";
		};
		B8508E15B1F520AB180DA150 /* Frameworks */ = {
			isa = PBXGroup;
			children = (
				42E3E3886213C0E7790DB4DC /* libPods-LTQFM.a */,
			);
			name = Frameworks;
			sourceTree = "<group>";
		};
/* End PBXGroup section */

/* Begin PBXNativeTarget section */
		7341C8C01E4094B80023A1A6 /* LTQFM */ = {
			isa = PBXNativeTarget;
			buildConfigurationList = 7341C8EE1E4094B80023A1A6 /* Build configuration list for PBXNativeTarget "LTQFM" */;
			buildPhases = (
				63F73D01724334A6235D6DD8 /* [CP] Check Pods Manifest.lock */,
				7341C8BD1E4094B80023A1A6 /* Sources */,
				7341C8BE1E4094B80023A1A6 /* Frameworks */,
				7341C8BF1E4094B80023A1A6 /* Resources */,
				712901261675CC390EF6127A /* [CP] Embed Pods Frameworks */,
				3E8273A662C66CF1639C8A2D /* [CP] Copy Pods Resources */,
			);
			buildRules = (
			);
			dependencies = (
			);
			name = LTQFM;
			productName = LTQFM;
			productReference = 7341C8C11E4094B80023A1A6 /* LTQFM.app */;
			productType = "com.apple.product-type.application";
		};
		7341C8D91E4094B80023A1A6 /* LTQFMTests */ = {
			isa = PBXNativeTarget;
			buildConfigurationList = 7341C8F11E4094B80023A1A6 /* Build configuration list for PBXNativeTarget "LTQFMTests" */;
			buildPhases = (
				7341C8D61E4094B80023A1A6 /* Sources */,
				7341C8D71E4094B80023A1A6 /* Frameworks */,
				7341C8D81E4094B80023A1A6 /* Resources */,
			);
			buildRules = (
			);
			dependencies = (
				7341C8DC1E4094B80023A1A6 /* PBXTargetDependency */,
			);
			name = LTQFMTests;
			productName = LTQFMTests;
			productReference = 7341C8DA1E4094B80023A1A6 /* LTQFMTests.xctest */;
			productType = "com.apple.product-type.bundle.unit-test";
		};
		7341C8E41E4094B80023A1A6 /* LTQFMUITests */ = {
			isa = PBXNativeTarget;
			buildConfigurationList = 7341C8F41E4094B80023A1A6 /* Build configuration list for PBXNativeTarget "LTQFMUITests" */;
			buildPhases = (
				7341C8E11E4094B80023A1A6 /* Sources */,
				7341C8E21E4094B80023A1A6 /* Frameworks */,
				7341C8E31E4094B80023A1A6 /* Resources */,
			);
			buildRules = (
			);
			dependencies = (
				7341C8E71E4094B80023A1A6 /* PBXTargetDependency */,
			);
			name = LTQFMUITests;
			productName = LTQFMUITests;
			productReference = 7341C8E51E4094B80023A1A6 /* LTQFMUITests.xctest */;
			productType = "com.apple.product-type.bundle.ui-testing";
		};
/* End PBXNativeTarget section */

/* Begin PBXProject section */
		7341C8B91E4094B80023A1A6 /* Project object */ = {
			isa = PBXProject;
			attributes = {
				LastUpgradeCheck = 0820;
				ORGANIZATIONNAME = "DemonDeveloper@163.com";
				TargetAttributes = {
					7341C8C01E4094B80023A1A6 = {
						CreatedOnToolsVersion = 8.2.1;
						DevelopmentTeam = QX2B97FPNV;
						ProvisioningStyle = Automatic;
					};
					7341C8D91E4094B80023A1A6 = {
						CreatedOnToolsVersion = 8.2.1;
						DevelopmentTeam = QX2B97FPNV;
						ProvisioningStyle = Automatic;
						TestTargetID = 7341C8C01E4094B80023A1A6;
					};
					7341C8E41E4094B80023A1A6 = {
						CreatedOnToolsVersion = 8.2.1;
						DevelopmentTeam = QX2B97FPNV;
						ProvisioningStyle = Automatic;
						TestTargetID = 7341C8C01E4094B80023A1A6;
					};
				};
			};
			buildConfigurationList = 7341C8BC1E4094B80023A1A6 /* Build configuration list for PBXProject "LTQFM" */;
			compatibilityVersion = "Xcode 3.2";
			developmentRegion = English;
			hasScannedForEncodings = 0;
			knownRegions = (
				en,
				Base,
			);
			mainGroup = 7341C8B81E4094B80023A1A6;
			productRefGroup = 7341C8C21E4094B80023A1A6 /* Products */;
			projectDirPath = "";
			projectRoot = "";
			targets = (
				7341C8C01E4094B80023A1A6 /* LTQFM */,
				7341C8D91E4094B80023A1A6 /* LTQFMTests */,
				7341C8E41E4094B80023A1A6 /* LTQFMUITests */,
			);
		};
/* End PBXProject section */

/* Begin PBXResourcesBuildPhase section */
		7341C8BF1E4094B80023A1A6 /* Resources */ = {
			isa = PBXResourcesBuildPhase;
			buildActionMask = 2147483647;
			files = (
				7341C8D41E4094B80023A1A6 /* LaunchScreen.storyboard in Resources */,
				7341C8D11E4094B80023A1A6 /* Assets.xcassets in Resources */,
				7341C8CF1E4094B80023A1A6 /* Main.storyboard in Resources */,
			);
			runOnlyForDeploymentPostprocessing = 0;
		};
		7341C8D81E4094B80023A1A6 /* Resources */ = {
			isa = PBXResourcesBuildPhase;
			buildActionMask = 2147483647;
			files = (
			);
			runOnlyForDeploymentPostprocessing = 0;
		};
		7341C8E31E4094B80023A1A6 /* Resources */ = {
			isa = PBXResourcesBuildPhase;
			buildActionMask = 2147483647;
			files = (
			);
			runOnlyForDeploymentPostprocessing = 0;
		};
/* End PBXResourcesBuildPhase section */

/* Begin PBXShellScriptBuildPhase section */
		3E8273A662C66CF1639C8A2D /* [CP] Copy Pods Resources */ = {
			isa = PBXShellScriptBuildPhase;
			buildActionMask = 2147483647;
			files = (
			);
			inputPaths = (
			);
			name = "[CP] Copy Pods Resources";
			outputPaths = (
			);
			runOnlyForDeploymentPostprocessing = 0;
			shellPath = /bin/sh;
			shellScript = "\"${SRCROOT}/Pods/Target Support Files/Pods-LTQFM/Pods-LTQFM-resources.sh\"\n";
			showEnvVarsInLog = 0;
		};
		63F73D01724334A6235D6DD8 /* [CP] Check Pods Manifest.lock */ = {
			isa = PBXShellScriptBuildPhase;
			buildActionMask = 2147483647;
			files = (
			);
			inputPaths = (
			);
			name = "[CP] Check Pods Manifest.lock";
			outputPaths = (
			);
			runOnlyForDeploymentPostprocessing = 0;
			shellPath = /bin/sh;
			shellScript = "diff \"${PODS_ROOT}/../Podfile.lock\" \"${PODS_ROOT}/Manifest.lock\" > /dev/null\nif [ $? != 0 ] ; then\n    # print error to STDERR\n    echo \"error: The sandbox is not in sync with the Podfile.lock. Run 'pod install' or update your CocoaPods installation.\" >&2\n    exit 1\nfi\n";
			showEnvVarsInLog = 0;
		};
		712901261675CC390EF6127A /* [CP] Embed Pods Frameworks */ = {
			isa = PBXShellScriptBuildPhase;
			buildActionMask = 2147483647;
			files = (
			);
			inputPaths = (
			);
			name = "[CP] Embed Pods Frameworks";
			outputPaths = (
			);
			runOnlyForDeploymentPostprocessing = 0;
			shellPath = /bin/sh;
			shellScript = "\"${SRCROOT}/Pods/Target Support Files/Pods-LTQFM/Pods-LTQFM-frameworks.sh\"\n";
			showEnvVarsInLog = 0;
		};
/* End PBXShellScriptBuildPhase section */

/* Begin PBXSourcesBuildPhase section */
		7341C8BD1E4094B80023A1A6 /* Sources */ = {
			isa = PBXSourcesBuildPhase;
			buildActionMask = 2147483647;
			files = (
				7341C8CC1E4094B80023A1A6 /* ViewController.m in Sources */,
				7341C8C91E4094B80023A1A6 /* AppDelegate.m in Sources */,
				7341C8C61E4094B80023A1A6 /* main.m in Sources */,
			);
			runOnlyForDeploymentPostprocessing = 0;
		};
		7341C8D61E4094B80023A1A6 /* Sources */ = {
			isa = PBXSourcesBuildPhase;
			buildActionMask = 2147483647;
			files = (
				7341C8DF1E4094B80023A1A6 /* LTQFMTests.m in Sources */,
			);
			runOnlyForDeploymentPostprocessing = 0;
		};
		7341C8E11E4094B80023A1A6 /* Sources */ = {
			isa = PBXSourcesBuildPhase;
			buildActionMask = 2147483647;
			files = (
				7341C8EA1E4094B80023A1A6 /* LTQFMUITests.m in Sources */,
			);
			runOnlyForDeploymentPostprocessing = 0;
		};
/* End PBXSourcesBuildPhase section */

/* Begin PBXTargetDependency section */
		7341C8DC1E4094B80023A1A6 /* PBXTargetDependency */ = {
			isa = PBXTargetDependency;
			target = 7341C8C01E4094B80023A1A6 /* LTQFM */;
			targetProxy = 7341C8DB1E4094B80023A1A6 /* PBXContainerItemProxy */;
		};
		7341C8E71E4094B80023A1A6 /* PBXTargetDependency */ = {
			isa = PBXTargetDependency;
			target = 7341C8C01E4094B80023A1A6 /* LTQFM */;
			targetProxy = 7341C8E61E4094B80023A1A6 /* PBXContainerItemProxy */;
		};
/* End PBXTargetDependency section */

/* Begin PBXVariantGroup section */
		7341C8CD1E4094B80023A1A6 /* Main.storyboard */ = {
			isa = PBXVariantGroup;
			children = (
				7341C8CE1E4094B80023A1A6 /* Base */,
			);
			name = Main.storyboard;
			sourceTree = "<group>";
		};
		7341C8D21E4094B80023A1A6 /* LaunchScreen.storyboard */ = {
			isa = PBXVariantGroup;
			children = (
				7341C8D31E4094B80023A1A6 /* Base */,
			);
			name = LaunchScreen.storyboard;
			sourceTree = "<group>";
		};
/* End PBXVariantGroup section */

/* Begin XCBuildConfiguration section */
		7341C8EC1E4094B80023A1A6 /* Debug */ = {
			isa = XCBuildConfiguration;
			buildSettings = {
				ALWAYS_SEARCH_USER_PATHS = NO;
				CLANG_ANALYZER_NONNULL = YES;
				CLANG_CXX_LANGUAGE_STANDARD = "gnu++0x";
				CLANG_CXX_LIBRARY = "libc++";
				CLANG_ENABLE_MODULES = YES;
				CLANG_ENABLE_OBJC_ARC = YES;
				CLANG_WARN_BOOL_CONVERSION = YES;
				CLANG_WARN_CONSTANT_CONVERSION = YES;
				CLANG_WARN_DIRECT_OBJC_ISA_USAGE = YES_ERROR;
				CLANG_WARN_DOCUMENTATION_COMMENTS = YES;
				CLANG_WARN_EMPTY_BODY = YES;
				CLANG_WARN_ENUM_CONVERSION = YES;
				CLANG_WARN_INFINITE_RECURSION = YES;
				CLANG_WARN_INT_CONVERSION = YES;
				CLANG_WARN_OBJC_ROOT_CLASS = YES_ERROR;
				CLANG_WARN_SUSPICIOUS_MOVE = YES;
				CLANG_WARN_UNREACHABLE_CODE = YES;
				CLANG_WARN__DUPLICATE_METHOD_MATCH = YES;
				"CODE_SIGN_IDENTITY[sdk=iphoneos*]" = "iPhone Developer";
				COPY_PHASE_STRIP = NO;
				DEBUG_INFORMATION_FORMAT = dwarf;
				ENABLE_STRICT_OBJC_MSGSEND = YES;
				ENABLE_TESTABILITY = YES;
				GCC_C_LANGUAGE_STANDARD = gnu99;
				GCC_DYNAMIC_NO_PIC = NO;
				GCC_NO_COMMON_BLOCKS = YES;
				GCC_OPTIMIZATION_LEVEL = 0;
				GCC_PREPROCESSOR_DEFINITIONS = (
					"DEBUG=1",
					"$(inherited)",
				);
				GCC_WARN_64_TO_32_BIT_CONVERSION = YES;
				GCC_WARN_ABOUT_RETURN_TYPE = YES_ERROR;
				GCC_WARN_UNDECLARED_SELECTOR = YES;
				GCC_WARN_UNINITIALIZED_AUTOS = YES_AGGRESSIVE;
				GCC_WARN_UNUSED_FUNCTION = YES;
				GCC_WARN_UNUSED_VARIABLE = YES;
				IPHONEOS_DEPLOYMENT_TARGET = 10.2;
				MTL_ENABLE_DEBUG_INFO = YES;
				ONLY_ACTIVE_ARCH = YES;
				SDKROOT = iphoneos;
			};
			name = Debug;
		};
		7341C8ED1E4094B80023A1A6 /* Release */ = {
			isa = XCBuildConfiguration;
			buildSettings = {
				ALWAYS_SEARCH_USER_PATHS = NO;
				CLANG_ANALYZER_NONNULL = YES;
				CLANG_CXX_LANGUAGE_STANDARD = "gnu++0x";
				CLANG_CXX_LIBRARY = "libc++";
				CLANG_ENABLE_MODULES = YES;
				CLANG_ENABLE_OBJC_ARC = YES;
				CLANG_WARN_BOOL_CONVERSION = YES;
				CLANG_WARN_CONSTANT_CONVERSION = YES;
				CLANG_WARN_DIRECT_OBJC_ISA_USAGE = YES_ERROR;
				CLANG_WARN_DOCUMENTATION_COMMENTS = YES;
				CLANG_WARN_EMPTY_BODY = YES;
				CLANG_WARN_ENUM_CONVERSION = YES;
				CLANG_WARN_INFINITE_RECURSION = YES;
				CLANG_WARN_INT_CONVERSION = YES;
				CLANG_WARN_OBJC_ROOT_CLASS = YES_ERROR;
				CLANG_WARN_SUSPICIOUS_MOVE = YES;
				CLANG_WARN_UNREACHABLE_CODE = YES;
				CLANG_WARN__DUPLICATE_METHOD_MATCH = YES;
				"CODE_SIGN_IDENTITY[sdk=iphoneos*]" = "iPhone Developer";
				COPY_PHASE_STRIP = NO;
				DEBUG_INFORMATION_FORMAT = "dwarf-with-dsym";
				ENABLE_NS_ASSERTIONS = NO;
				ENABLE_STRICT_OBJC_MSGSEND = YES;
				GCC_C_LANGUAGE_STANDARD = gnu99;
				GCC_NO_COMMON_BLOCKS = YES;
				GCC_WARN_64_TO_32_BIT_CONVERSION = YES;
				GCC_WARN_ABOUT_RETURN_TYPE = YES_ERROR;
				GCC_WARN_UNDECLARED_SELECTOR = YES;
				GCC_WARN_UNINITIALIZED_AUTOS = YES_AGGRESSIVE;
				GCC_WARN_UNUSED_FUNCTION = YES;
				GCC_WARN_UNUSED_VARIABLE = YES;
				IPHONEOS_DEPLOYMENT_TARGET = 10.2;
				MTL_ENABLE_DEBUG_INFO = NO;
				SDKROOT = iphoneos;
				VALIDATE_PRODUCT = YES;
			};
			name = Release;
		};
		7341C8EF1E4094B80023A1A6 /* Debug */ = {
			isa = XCBuildConfiguration;
			baseConfigurationReference = 1BF32C5F512CBBA4F5378E60 /* Pods-LTQFM.debug.xcconfig */;
			buildSettings = {
				ASSETCATALOG_COMPILER_APPICON_NAME = AppIcon;
				DEVELOPMENT_TEAM = QX2B97FPNV;
				INFOPLIST_FILE = LTQFM/Info.plist;
				LD_RUNPATH_SEARCH_PATHS = "$(inherited) @executable_path/Frameworks";
				PRODUCT_BUNDLE_IDENTIFIER = "com.DemonDeveloper-163.LTQFM";
				PRODUCT_NAME = "$(TARGET_NAME)";
			};
			name = Debug;
		};
		7341C8F01E4094B80023A1A6 /* Release */ = {
			isa = XCBuildConfiguration;
			baseConfigurationReference = 7B0222294DC4AA4A3E7F3FE9 /* Pods-LTQFM.release.xcconfig */;
			buildSettings = {
				ASSETCATALOG_COMPILER_APPICON_NAME = AppIcon;
				DEVELOPMENT_TEAM = QX2B97FPNV;
				INFOPLIST_FILE = LTQFM/Info.plist;
				LD_RUNPATH_SEARCH_PATHS = "$(inherited) @executable_path/Frameworks";
				PRODUCT_BUNDLE_IDENTIFIER = "com.DemonDeveloper-163.LTQFM";
				PRODUCT_NAME = "$(TARGET_NAME)";
			};
			name = Release;
		};
		7341C8F21E4094B80023A1A6 /* Debug */ = {
			isa = XCBuildConfiguration;
			buildSettings = {
				BUNDLE_LOADER = "$(TEST_HOST)";
				DEVELOPMENT_TEAM = QX2B97FPNV;
				INFOPLIST_FILE = LTQFMTests/Info.plist;
				LD_RUNPATH_SEARCH_PATHS = "$(inherited) @executable_path/Frameworks @loader_path/Frameworks";
				PRODUCT_BUNDLE_IDENTIFIER = "com.DemonDeveloper-163.LTQFMTests";
				PRODUCT_NAME = "$(TARGET_NAME)";
				TEST_HOST = "$(BUILT_PRODUCTS_DIR)/LTQFM.app/LTQFM";
			};
			name = Debug;
		};
		7341C8F31E4094B80023A1A6 /* Release */ = {
			isa = XCBuildConfiguration;
			buildSettings = {
				BUNDLE_LOADER = "$(TEST_HOST)";
				DEVELOPMENT_TEAM = QX2B97FPNV;
				INFOPLIST_FILE = LTQFMTests/Info.plist;
				LD_RUNPATH_SEARCH_PATHS = "$(inherited) @executable_path/Frameworks @loader_path/Frameworks";
				PRODUCT_BUNDLE_IDENTIFIER = "com.DemonDeveloper-163.LTQFMTests";
				PRODUCT_NAME = "$(TARGET_NAME)";
				TEST_HOST = "$(BUILT_PRODUCTS_DIR)/LTQFM.app/LTQFM";
			};
			name = Release;
		};
		7341C8F51E4094B80023A1A6 /* Debug */ = {
			isa = XCBuildConfiguration;
			buildSettings = {
				DEVELOPMENT_TEAM = QX2B97FPNV;
				INFOPLIST_FILE = LTQFMUITests/Info.plist;
				LD_RUNPATH_SEARCH_PATHS = "$(inherited) @executable_path/Frameworks @loader_path/Frameworks";
				PRODUCT_BUNDLE_IDENTIFIER = "com.DemonDeveloper-163.LTQFMUITests";
				PRODUCT_NAME = "$(TARGET_NAME)";
				TEST_TARGET_NAME = LTQFM;
			};
			name = Debug;
		};
		7341C8F61E4094B80023A1A6 /* Release */ = {
			isa = XCBuildConfiguration;
			buildSettings = {
				DEVELOPMENT_TEAM = QX2B97FPNV;
				INFOPLIST_FILE = LTQFMUITests/Info.plist;
				LD_RUNPATH_SEARCH_PATHS = "$(inherited) @executable_path/Frameworks @loader_path/Frameworks";
				PRODUCT_BUNDLE_IDENTIFIER = "com.DemonDeveloper-163.LTQFMUITests";
				PRODUCT_NAME = "$(TARGET_NAME)";
				TEST_TARGET_NAME = LTQFM;
			};
			name = Release;
		};
/* End XCBuildConfiguration section */

/* Begin XCConfigurationList section */
		7341C8BC1E4094B80023A1A6 /* Build configuration list for PBXProject "LTQFM" */ = {
			isa = XCConfigurationList;
			buildConfigurations = (
				7341C8EC1E4094B80023A1A6 /* Debug */,
				7341C8ED1E4094B80023A1A6 /* Release */,
			);
			defaultConfigurationIsVisible = 0;
			defaultConfigurationName = Release;
		};
		7341C8EE1E4094B80023A1A6 /* Build configuration list for PBXNativeTarget "LTQFM" */ = {
			isa = XCConfigurationList;
			buildConfigurations = (
				7341C8EF1E4094B80023A1A6 /* Debug */,
				7341C8F01E4094B80023A1A6 /* Release */,
			);
			defaultConfigurationIsVisible = 0;
		};
		7341C8F11E4094B80023A1A6 /* Build configuration list for PBXNativeTarget "LTQFMTests" */ = {
			isa = XCConfigurationList;
			buildConfigurations = (
				7341C8F21E4094B80023A1A6 /* Debug */,
				7341C8F31E4094B80023A1A6 /* Release */,
			);
			defaultConfigurationIsVisible = 0;
		};
		7341C8F41E4094B80023A1A6 /* Build configuration list for PBXNativeTarget "LTQFMUITests" */ = {
			isa = XCConfigurationList;
			buildConfigurations = (
				7341C8F51E4094B80023A1A6 /* Debug */,
				7341C8F61E4094B80023A1A6 /* Release */,
			);
			defaultConfigurationIsVisible = 0;
		};
/* End XCConfigurationList section */
	};
	rootObject = 7341C8B91E4094B80023A1A6 /* Project object */;
}
